{
  "dependencies": {
    "@zack/resize-image": {
      "integrity": "ef95293864a4adbb854e671a77cbaa95e8430e194c9a499a5046fc03fb6b0f89",
      "version": "0.1.6"
    },
    "@zack/sentiment-analysis": {
      "integrity": "59415bb49839c7c37e2fb590a131a8fb5ed2f85e171c327ff342bf0b27944148",
      "version": "0.1.3"
    },
    "@zack/summarize-text": {
      "integrity": "dcf32df519b13a5bf5d4d8f8cb82f4fde6d00829f0e2b47c4ee773eeca94dce8",
      "version": "0.1.7"
    },
    "@zack/translate-text": {
      "integrity": "b5b0c67a9efe2f26555bff6f34ef77dce1105a75fdee6ca18f0b91395b1ddb5a",
      "version": "0.1.3"
    },
    "@zack/wikipedia-scrape": {
      "integrity": "3d8b377f10f079a8e4ecbaced965dd5e39d33ea83fef332a1b81fb7966f75087",
      "version": "0.1.4"
    }
  },
  "generated": "2025-11-03T23:04:42.209756Z",
  "lockfile_version": 1
}
