{
  "dependencies": {
    "@zack/resize-image": {
      "integrity": "ef95293864a4adbb854e671a77cbaa95e8430e194c9a499a5046fc03fb6b0f89",
      "version": "0.1.6"
    },
    "@zack/sentiment-analysis": {
      "integrity": "59415bb49839c7c37e2fb590a131a8fb5ed2f85e171c327ff342bf0b27944148",
      "version": "0.1.3"
    },
    "@zack/summarize-text": {
      "integrity": "83d2747ffdb55f975f27d7ac627f2659fb278cc27f1be38728d45c2531f754d4",
      "version": "0.1.5"
    },
    "@zack/translate-text": {
      "integrity": "590f7c1cda2d52e394a22b91c900db4163c9c50c96bd7a49d724fa8bdb2240b7",
      "version": "0.1.2"
    },
    "@zack/wikipedia-scrape": {
      "integrity": "3d8b377f10f079a8e4ecbaced965dd5e39d33ea83fef332a1b81fb7966f75087",
      "version": "0.1.4"
    }
  },
  "generated": "2025-10-31T15:23:59.132163Z",
  "lockfile_version": 1
}
