{
  "generated": "2026-08-16T02:57:35.182548Z",
  "lockfile_version": 3,
  "packages": {
    "agent:@zack/ops-console@0.1.5": {
      "integrity": "91a22b565757c3084e27120cfcb6ea8e7ec9dfbda6cea39cb9c0fb85d49154d4",
      "kind": "agent",
      "name": "@zack/ops-console",
      "version": "0.1.5"
    },
    "loop:@zack/incident-response-loop@0.1.0": {
      "integrity": "6cd577ed037448479e8bfeb95fa592b3462f358a74c9dd8d88ad170287b5c9ec",
      "kind": "loop",
      "name": "@zack/incident-response-loop",
      "version": "0.1.0"
    },
    "memory:@zack/conversation-continuity@0.1.0": {
      "integrity": "2c99b4616e436c76a04c98ba9ba069a11e80bd705649936c6920320e0a6e3be3",
      "kind": "memory",
      "name": "@zack/conversation-continuity",
      "version": "0.1.0"
    },
    "profile:@zack/incident-operator-style@0.1.0": {
      "integrity": "a13f0ff2d07b930ba2de351ca68a3aab63bceeb240acbcdc0a564769e4e8acb4",
      "kind": "profile",
      "name": "@zack/incident-operator-style",
      "version": "0.1.0"
    },
    "skill:@zack/incident-handoff-checklist@0.1.0": {
      "integrity": "71de39e72cb8ffa536da12b68ca544616645f6c7560da18abe3114e731c28f68",
      "kind": "skill",
      "name": "@zack/incident-handoff-checklist",
      "version": "0.1.0"
    },
    "skill:@zack/issue-triage-playbook@0.1.0": {
      "integrity": "eef04a5b31ca7c474a05fb3f326d147aefa00ecc3bbbdd90ea1934022952a231",
      "kind": "skill",
      "name": "@zack/issue-triage-playbook",
      "version": "0.1.0"
    },
    "skill:@zack/slack-status-update@0.1.0": {
      "integrity": "810f2387e3cf816d6eb2913c86c35002fd0273bf98d4e5205009e4a802e94f84",
      "kind": "skill",
      "name": "@zack/slack-status-update",
      "version": "0.1.0"
    },
    "tool:@zack/csv-query@0.1.4": {
      "integrity": "908e9f963a91d7ce24d61f6c7c5e339d36a658f2c7e806589cfbc01b45f760c2",
      "kind": "tool",
      "name": "@zack/csv-query",
      "version": "0.1.4"
    },
    "tool:@zack/github-issues@0.1.1": {
      "integrity": "b04c929385df7ceb78ab459f9c2104006f286d57f372fc1afa8ec77db00e8935",
      "kind": "tool",
      "name": "@zack/github-issues",
      "version": "0.1.1"
    },
    "tool:@zack/json-transform@0.1.0": {
      "integrity": "d217cd3555aeea0f1b5baad3674b03a90d562f3bb2ce6ad0d57e08ea6265a76f",
      "kind": "tool",
      "name": "@zack/json-transform",
      "version": "0.1.0"
    },
    "tool:@zack/slack-post-message@0.1.1": {
      "integrity": "b72d2c239da44b1e1dfd40b8a6a0a53f958d29ba26f55d9625e85e1652426991",
      "kind": "tool",
      "name": "@zack/slack-post-message",
      "version": "0.1.1"
    },
    "tool:@zack/summarize-text@0.1.8": {
      "integrity": "faab650ac3dde0debdff93aaa9bd6e08bef830640847308f6caa0127d6d4513d",
      "kind": "tool",
      "name": "@zack/summarize-text",
      "version": "0.1.8"
    }
  },
  "roots": {
    "agent:@zack/ops-console@0.1.5": {
      "loop": "loop:@zack/incident-response-loop@0.1.0",
      "memory": [
        "memory:@zack/conversation-continuity@0.1.0"
      ],
      "profiles": [
        "profile:@zack/incident-operator-style@0.1.0"
      ],
      "skills": [
        "skill:@zack/incident-handoff-checklist@0.1.0",
        "skill:@zack/slack-status-update@0.1.0",
        "skill:@zack/issue-triage-playbook@0.1.0"
      ],
      "tools": [
        "tool:@zack/csv-query@0.1.4",
        "tool:@zack/json-transform@0.1.0"
      ]
    },
    "local:agent": {
      "name": "agent-app-ops-python",
      "tools": [
        "tool:@zack/summarize-text@0.1.8"
      ],
      "version": "0.1.0"
    }
  }
}
