{
  "generated": "2026-09-27T17:47:56.951388Z",
  "lockfile_version": 3,
  "packages": {
    "loop:@zack/react-loop@0.1.0": {
      "integrity": "6f5b639b35a617c3a9cea3195da89c616df94766c897b28b1ecf62679b44d828",
      "kind": "loop",
      "name": "@zack/react-loop",
      "version": "0.1.0"
    }
  },
  "roots": {
    "local:agent": {
      "loop": "loop:@zack/react-loop@0.1.0",
      "name": "app-harness-sdk-host-python",
      "tools": [],
      "version": "0.1.0"
    }
  }
}
