{
  "dependencies": {
    "@zack/document-convert": {
      "integrity": "fccd8ba3dc971262fcf5f3fe06822c28d8db26810f374526bc5fe6be9f27ab0c",
      "version": "0.1.0"
    },
    "@zack/markdown-chunk": {
      "integrity": "e544a8b48841920822067e7297ab247edce29d1e1dcc5d4ded190b873cdddf91",
      "version": "0.1.0"
    },
    "@zack/robots-aware-crawl": {
      "integrity": "b19d14c48499af6a485d7daff082aacfd86273266049c1b426541f0c81b9a24f",
      "version": "0.1.0"
    },
    "@zack/summarize-text": {
      "integrity": "faab650ac3dde0debdff93aaa9bd6e08bef830640847308f6caa0127d6d4513d",
      "version": "0.1.8"
    },
    "@zack/table-extract": {
      "integrity": "4bbe74ea78e38c7e73269e9404d5b671620d3bb63eb8ae91900a8fa9e863771a",
      "version": "0.1.0"
    },
    "@zack/translate-text": {
      "integrity": "bf8fc61a0224f9a4b5af87c080fbebae936c23a54a4cde3b93f546c499bb0d0c",
      "version": "0.1.4"
    },
    "@zack/web-page-extract": {
      "integrity": "f3a90b433029008ae48ca91304941d9284477b97e5fd665d3f05ff4c12895568",
      "version": "0.1.2"
    }
  },
  "generated": "2026-04-25T02:04:41.800326Z",
  "lockfile_version": 1
}
