{
  "dependencies": {
    "@zack/resize-image": {
      "integrity": "49b0c95e4675a59768f79e1c29646e0b4c39bf37bd0039c83461e8ebdedd6f5e",
      "version": "0.1.7"
    },
    "@zack/sentiment-analysis": {
      "integrity": "326ee51679de226a27d14d548030cd0a329805c93eaff8a719c0209c20955d84",
      "version": "0.1.4"
    },
    "@zack/summarize-text": {
      "integrity": "faab650ac3dde0debdff93aaa9bd6e08bef830640847308f6caa0127d6d4513d",
      "version": "0.1.8"
    },
    "@zack/translate-text": {
      "integrity": "bf8fc61a0224f9a4b5af87c080fbebae936c23a54a4cde3b93f546c499bb0d0c",
      "version": "0.1.4"
    },
    "@zack/wikipedia-scrape": {
      "integrity": "5d26de3f25b4cb81ed7fc54ebb2eb4b81bb0b499f873c67abfb7ef4733d26c87",
      "version": "0.1.5"
    }
  },
  "generated": "2025-11-16T17:47:04.813867Z",
  "lockfile_version": 1
}
